
Microsoft Visual Studio Solution File, Format Version 12.00
# Visual Studio Version 16
VisualStudioVersion = 16.0.31112.23
MinimumVisualStudioVersion = 10.0.40219.1
Project("{FAE04EC0-301F-11D3-BF4B-00C04F79EFBC}") = "Tutorial7and8v1", "Tutorial7and8v1\Tutorial7and8v1.csproj", "{7AC30A90-37F2-4C4B-8288-E80B438D8A88}"
EndProject
Global
	GlobalSection(SolutionConfigurationPlatforms) = preSolution
		Debug|Any CPU = Debug|Any CPU
		Release|Any CPU = Release|Any CPU
	EndGlobalSection
	GlobalSection(ProjectConfigurationPlatforms) = postSolution
		{7AC30A90-37F2-4C4B-8288-E80B438D8A88}.Debug|Any CPU.ActiveCfg = Debug|Any CPU
		{7AC30A90-37F2-4C4B-8288-E80B438D8A88}.Debug|Any CPU.Build.0 = Debug|Any CPU
		{7AC30A90-37F2-4C4B-8288-E80B438D8A88}.Release|Any CPU.ActiveCfg = Release|Any CPU
		{7AC30A90-37F2-4C4B-8288-E80B438D8A88}.Release|Any CPU.Build.0 = Release|Any CPU
	EndGlobalSection
	GlobalSection(SolutionProperties) = preSolution
		HideSolutionNode = FALSE
	EndGlobalSection
	GlobalSection(ExtensibilityGlobals) = postSolution
		SolutionGuid = {57BA6101-F2DA-4DCC-8146-D5982D46BCA1}
	EndGlobalSection
EndGlobal
